
Microsoft Visual Studio Solution File, Format Version 12.00
# Visual Studio Version 16
VisualStudioVersion = 16.0.28803.452
MinimumVisualStudioVersion = 10.0.40219.1
Project("{FAE04EC0-301F-11D3-BF4B-00C04F79EFBC}") = "ClipBoxNw", "ClipBoxNw\ClipBoxNw.csproj", "{FE7492F6-3BE8-433D-9AA3-9ECEF852FC46}"
EndProject
Global
	GlobalSection(SolutionConfigurationPlatforms) = preSolution
		Debug|Any CPU = Debug|Any CPU
		Release|Any CPU = Release|Any CPU
	EndGlobalSection
	GlobalSection(ProjectConfigurationPlatforms) = postSolution
		{FE7492F6-3BE8-433D-9AA3-9ECEF852FC46}.Debug|Any CPU.ActiveCfg = Debug|Any CPU
		{FE7492F6-3BE8-433D-9AA3-9ECEF852FC46}.Debug|Any CPU.Build.0 = Debug|Any CPU
		{FE7492F6-3BE8-433D-9AA3-9ECEF852FC46}.Release|Any CPU.ActiveCfg = Release|Any CPU
		{FE7492F6-3BE8-433D-9AA3-9ECEF852FC46}.Release|Any CPU.Build.0 = Release|Any CPU
	EndGlobalSection
	GlobalSection(SolutionProperties) = preSolution
		HideSolutionNode = FALSE
	EndGlobalSection
	GlobalSection(ExtensibilityGlobals) = postSolution
		SolutionGuid = {8BC0EB52-8CC7-4693-A6E4-6C64A5319C86}
	EndGlobalSection
EndGlobal
